
Microsoft Visual Studio Solution File, Format Version 12.00
# Visual Studio Version 17
VisualStudioVersion = 17.4.33213.308
MinimumVisualStudioVersion = 10.0.40219.1
Project("{FAE04EC0-301F-11D3-BF4B-00C04F79EFBC}") = "COMP003A.LectureActtivity1", "COMP003A.Assignment1\COMP003A.LectureActtivity1.csproj", "{780F1580-09EA-4BA6-B27D-189395F2AEE2}"
EndProject
Global
	GlobalSection(SolutionConfigurationPlatforms) = preSolution
		Debug|Any CPU = Debug|Any CPU
		Release|Any CPU = Release|Any CPU
	EndGlobalSection
	GlobalSection(ProjectConfigurationPlatforms) = postSolution
		{780F1580-09EA-4BA6-B27D-189395F2AEE2}.Debug|Any CPU.ActiveCfg = Debug|Any CPU
		{780F1580-09EA-4BA6-B27D-189395F2AEE2}.Debug|Any CPU.Build.0 = Debug|Any CPU
		{780F1580-09EA-4BA6-B27D-189395F2AEE2}.Release|Any CPU.ActiveCfg = Release|Any CPU
		{780F1580-09EA-4BA6-B27D-189395F2AEE2}.Release|Any CPU.Build.0 = Release|Any CPU
	EndGlobalSection
	GlobalSection(SolutionProperties) = preSolution
		HideSolutionNode = FALSE
	EndGlobalSection
	GlobalSection(ExtensibilityGlobals) = postSolution
		SolutionGuid = {D856DC0B-CC97-4C85-9F2F-1077B9D42A68}
	EndGlobalSection
EndGlobal
